{
  "name": "bot-config",
  "version": "1.0.0",
  "lockfileVersion": 3,
  "requires": true,
  "packages": {
    "": {
      "name": "bot-config",
      "version": "1.0.0",
      "license": "ISC",
      "dependencies": {
        "att-client": "^0.5.2",
        "dotenv": "^16.4.5"
      }
    },
    "node_modules/@mdingena/tiny-typed-emitter": {
      "version": "3.0.1",
      "resolved": "https://registry.npmjs.org/@mdingena/tiny-typed-emitter/-/tiny-typed-emitter-3.0.1.tgz",
      "integrity": "sha512-X3yBmSjgwR7YwI46zqraOSeoFC3nEJjP1bADktDS4av50/v8WTS1zM7uhsi4FrN/RSwmv+eVpvEsS8vWnvFmaA=="
    },
    "node_modules/att-client": {
      "version": "0.5.2",
      "resolved": "https://registry.npmjs.org/att-client/-/att-client-0.5.2.tgz",
      "integrity": "sha512-SGI0d5O9qnSL83rnS1sGfKdiHRC5kj7YJcELbJ2EtZdzoMoBp8TUZg5K4S98Zus/v/z+7CStsG+RLR3+33UAhA==",
      "dependencies": {
        "@mdingena/tiny-typed-emitter": "^3.0.1",
        "jwt-decode": "^3.1.2",
        "ws": "^8.6.0"
      },
      "engines": {
        "node": ">=18.2.0 <19 || >=20"
      }
    },
    "node_modules/dotenv": {
      "version": "16.4.5",
      "resolved": "https://registry.npmjs.org/dotenv/-/dotenv-16.4.5.tgz",
      "integrity": "sha512-ZmdL2rui+eB2YwhsWzjInR8LldtZHGDoQ1ugH85ppHKwpUHL7j7rN0Ti9NCnGiQbhaZ11FpR+7ao1dNsmduNUg==",
      "engines": {
        "node": ">=12"
      },
      "funding": {
        "url": "https://dotenvx.com"
      }
    },
    "node_modules/jwt-decode": {
      "version": "3.1.2",
      "resolved": "https://registry.npmjs.org/jwt-decode/-/jwt-decode-3.1.2.tgz",
      "integrity": "sha512-UfpWE/VZn0iP50d8cz9NrZLM9lSWhcJ+0Gt/nm4by88UL+J1SiKN8/5dkjMmbEzwL2CAe+67GsegCbIKtbp75A=="
    },
    "node_modules/ws": {
      "version": "8.17.1",
      "resolved": "https://registry.npmjs.org/ws/-/ws-8.17.1.tgz",
      "integrity": "sha512-6XQFvXTkbfUOZOKKILFG1PDK2NDQs4azKQl26T0YS5CxqWLgXajbPZ+h4gZekJyRqFU8pvnbAbbs/3TgRPy+GQ==",
      "engines": {
        "node": ">=10.0.0"
      },
      "peerDependencies": {
        "bufferutil": "^4.0.1",
        "utf-8-validate": ">=5.0.2"
      },
      "peerDependenciesMeta": {
        "bufferutil": {
          "optional": true
        },
        "utf-8-validate": {
          "optional": true
        }
      }
    }
  }
}
